
Microsoft Visual Studio Solution File, Format Version 12.00
# Visual Studio Version 17
VisualStudioVersion = 17.0.31903.59
MinimumVisualStudioVersion = 10.0.40219.1
Project("{FAE04EC0-301F-11D3-BF4B-00C04F79EFBC}") = "LoanSplitter", "LoanSplitter\LoanSplitter.csproj", "{EFDDDD33-EDD4-4B20-8442-0E2F78F5B230}"
EndProject
Project("{FAE04EC0-301F-11D3-BF4B-00C04F79EFBC}") = "LoanSplitter.Tests", "LoanSplitter.Tests\LoanSplitter.Tests.csproj", "{5C3A52E3-2271-4DA0-83F4-95B037B45D59}"
EndProject
Global
	GlobalSection(SolutionConfigurationPlatforms) = preSolution
		Debug|Any CPU = Debug|Any CPU
		Release|Any CPU = Release|Any CPU
	EndGlobalSection
	GlobalSection(SolutionProperties) = preSolution
		HideSolutionNode = FALSE
	EndGlobalSection
	GlobalSection(ProjectConfigurationPlatforms) = postSolution
		{EFDDDD33-EDD4-4B20-8442-0E2F78F5B230}.Debug|Any CPU.ActiveCfg = Debug|Any CPU
		{EFDDDD33-EDD4-4B20-8442-0E2F78F5B230}.Debug|Any CPU.Build.0 = Debug|Any CPU
		{EFDDDD33-EDD4-4B20-8442-0E2F78F5B230}.Release|Any CPU.ActiveCfg = Release|Any CPU
		{EFDDDD33-EDD4-4B20-8442-0E2F78F5B230}.Release|Any CPU.Build.0 = Release|Any CPU
		{5C3A52E3-2271-4DA0-83F4-95B037B45D59}.Debug|Any CPU.ActiveCfg = Debug|Any CPU
		{5C3A52E3-2271-4DA0-83F4-95B037B45D59}.Debug|Any CPU.Build.0 = Debug|Any CPU
		{5C3A52E3-2271-4DA0-83F4-95B037B45D59}.Release|Any CPU.ActiveCfg = Release|Any CPU
		{5C3A52E3-2271-4DA0-83F4-95B037B45D59}.Release|Any CPU.Build.0 = Release|Any CPU
	EndGlobalSection
EndGlobal
